
Microsoft Visual Studio Solution File, Format Version 12.00
# Visual Studio Version 17
VisualStudioVersion = 17.0.31903.59
MinimumVisualStudioVersion = 10.0.40219.1
Project("{FAE04EC0-301F-11D3-BF4B-00C04F79EFBC}") = "minimal-api", "Api\minimal-api.csproj", "{1BE9692C-E1C2-44F2-B1E9-40C1DE568CAE}"
EndProject
Project("{FAE04EC0-301F-11D3-BF4B-00C04F79EFBC}") = "Test", "Test\Test.csproj", "{32F1B391-0A12-4F24-9DA7-85DC6B80BF84}"
EndProject
Global
	GlobalSection(SolutionConfigurationPlatforms) = preSolution
		Debug|Any CPU = Debug|Any CPU
		Release|Any CPU = Release|Any CPU
	EndGlobalSection
	GlobalSection(SolutionProperties) = preSolution
		HideSolutionNode = FALSE
	EndGlobalSection
	GlobalSection(ProjectConfigurationPlatforms) = postSolution
		{1BE9692C-E1C2-44F2-B1E9-40C1DE568CAE}.Debug|Any CPU.ActiveCfg = Debug|Any CPU
		{1BE9692C-E1C2-44F2-B1E9-40C1DE568CAE}.Debug|Any CPU.Build.0 = Debug|Any CPU
		{1BE9692C-E1C2-44F2-B1E9-40C1DE568CAE}.Release|Any CPU.ActiveCfg = Release|Any CPU
		{1BE9692C-E1C2-44F2-B1E9-40C1DE568CAE}.Release|Any CPU.Build.0 = Release|Any CPU
		{32F1B391-0A12-4F24-9DA7-85DC6B80BF84}.Debug|Any CPU.ActiveCfg = Debug|Any CPU
		{32F1B391-0A12-4F24-9DA7-85DC6B80BF84}.Debug|Any CPU.Build.0 = Debug|Any CPU
		{32F1B391-0A12-4F24-9DA7-85DC6B80BF84}.Release|Any CPU.ActiveCfg = Release|Any CPU
		{32F1B391-0A12-4F24-9DA7-85DC6B80BF84}.Release|Any CPU.Build.0 = Release|Any CPU
	EndGlobalSection
EndGlobal
